#
# This file is autogenerated by pip-compile with Python 3.14
# by the following command:
#
#    pip-compile --output-file=requirements.lock --strip-extras pyproject.toml
#
alembic==1.18.4
    # via shaytan-machine (pyproject.toml)
annotated-doc==0.0.4
    # via fastapi
annotated-types==0.7.0
    # via pydantic
anyio==4.13.0
    # via
    #   httpx
    #   starlette
    #   watchfiles
asgiref==3.11.1
    # via opentelemetry-instrumentation-asgi
boto3==1.42.96
    # via shaytan-machine (pyproject.toml)
botocore==1.42.96
    # via
    #   boto3
    #   s3transfer
certifi==2026.4.22
    # via
    #   httpcore
    #   httpx
    #   requests
    #   sentry-sdk
charset-normalizer==3.4.7
    # via requests
click==8.3.3
    # via uvicorn
deprecated==1.3.1
    # via limits
dramatiq==2.1.0
    # via shaytan-machine (pyproject.toml)
duckdb==1.5.2
    # via shaytan-machine (pyproject.toml)
et-xmlfile==2.0.0
    # via openpyxl
fastapi==0.136.1
    # via
    #   sentry-sdk
    #   shaytan-machine (pyproject.toml)
googleapis-common-protos==1.74.0
    # via
    #   opentelemetry-exporter-otlp-proto-grpc
    #   opentelemetry-exporter-otlp-proto-http
grpcio==1.80.0
    # via opentelemetry-exporter-otlp-proto-grpc
h11==0.16.0
    # via
    #   httpcore
    #   uvicorn
httpcore==1.0.9
    # via httpx
httptools==0.7.1
    # via uvicorn
httpx==0.28.1
    # via shaytan-machine (pyproject.toml)
idna==3.13
    # via
    #   anyio
    #   httpx
    #   requests
importlib-metadata==8.7.1
    # via opentelemetry-api
jmespath==1.1.0
    # via
    #   boto3
    #   botocore
limits==5.8.0
    # via slowapi
mako==1.3.11
    # via alembic
markupsafe==3.0.3
    # via mako
numpy==2.4.4
    # via pandas
openpyxl==3.1.5
    # via shaytan-machine (pyproject.toml)
opentelemetry-api==1.41.1
    # via
    #   opentelemetry-exporter-otlp-proto-grpc
    #   opentelemetry-exporter-otlp-proto-http
    #   opentelemetry-instrumentation
    #   opentelemetry-instrumentation-asgi
    #   opentelemetry-instrumentation-fastapi
    #   opentelemetry-instrumentation-sqlalchemy
    #   opentelemetry-sdk
    #   opentelemetry-semantic-conventions
    #   shaytan-machine (pyproject.toml)
opentelemetry-exporter-otlp==1.41.1
    # via shaytan-machine (pyproject.toml)
opentelemetry-exporter-otlp-proto-common==1.41.1
    # via
    #   opentelemetry-exporter-otlp-proto-grpc
    #   opentelemetry-exporter-otlp-proto-http
opentelemetry-exporter-otlp-proto-grpc==1.41.1
    # via opentelemetry-exporter-otlp
opentelemetry-exporter-otlp-proto-http==1.41.1
    # via opentelemetry-exporter-otlp
opentelemetry-instrumentation==0.62b1
    # via
    #   opentelemetry-instrumentation-asgi
    #   opentelemetry-instrumentation-fastapi
    #   opentelemetry-instrumentation-sqlalchemy
opentelemetry-instrumentation-asgi==0.62b1
    # via opentelemetry-instrumentation-fastapi
opentelemetry-instrumentation-fastapi==0.62b1
    # via shaytan-machine (pyproject.toml)
opentelemetry-instrumentation-sqlalchemy==0.62b1
    # via shaytan-machine (pyproject.toml)
opentelemetry-proto==1.41.1
    # via
    #   opentelemetry-exporter-otlp-proto-common
    #   opentelemetry-exporter-otlp-proto-grpc
    #   opentelemetry-exporter-otlp-proto-http
opentelemetry-sdk==1.41.1
    # via
    #   opentelemetry-exporter-otlp-proto-grpc
    #   opentelemetry-exporter-otlp-proto-http
    #   shaytan-machine (pyproject.toml)
opentelemetry-semantic-conventions==0.62b1
    # via
    #   opentelemetry-instrumentation
    #   opentelemetry-instrumentation-asgi
    #   opentelemetry-instrumentation-fastapi
    #   opentelemetry-instrumentation-sqlalchemy
    #   opentelemetry-sdk
opentelemetry-util-http==0.62b1
    # via
    #   opentelemetry-instrumentation-asgi
    #   opentelemetry-instrumentation-fastapi
packaging==26.2
    # via
    #   limits
    #   opentelemetry-instrumentation
    #   opentelemetry-instrumentation-sqlalchemy
pandas==3.0.2
    # via shaytan-machine (pyproject.toml)
protobuf==6.33.6
    # via
    #   googleapis-common-protos
    #   opentelemetry-proto
psycopg==3.3.3
    # via shaytan-machine (pyproject.toml)
psycopg-binary==3.3.3
    # via psycopg
pyarrow==24.0.0
    # via shaytan-machine (pyproject.toml)
pydantic==2.13.3
    # via
    #   fastapi
    #   pydantic-settings
pydantic-core==2.46.3
    # via pydantic
pydantic-settings==2.14.0
    # via shaytan-machine (pyproject.toml)
pyjwt==2.12.1
    # via shaytan-machine (pyproject.toml)
python-dateutil==2.9.0.post0
    # via
    #   botocore
    #   pandas
python-dotenv==1.2.2
    # via
    #   pydantic-settings
    #   uvicorn
python-multipart==0.0.26
    # via shaytan-machine (pyproject.toml)
pyyaml==6.0.3
    # via uvicorn
redis==7.4.0
    # via shaytan-machine (pyproject.toml)
requests==2.33.1
    # via opentelemetry-exporter-otlp-proto-http
s3transfer==0.16.1
    # via boto3
sentry-sdk==2.58.0
    # via shaytan-machine (pyproject.toml)
six==1.17.0
    # via python-dateutil
slowapi==0.1.9
    # via shaytan-machine (pyproject.toml)
sqlalchemy==2.0.49
    # via
    #   alembic
    #   shaytan-machine (pyproject.toml)
starlette==1.0.0
    # via fastapi
typing-extensions==4.15.0
    # via
    #   alembic
    #   fastapi
    #   grpcio
    #   limits
    #   opentelemetry-api
    #   opentelemetry-exporter-otlp-proto-grpc
    #   opentelemetry-exporter-otlp-proto-http
    #   opentelemetry-sdk
    #   opentelemetry-semantic-conventions
    #   pydantic
    #   pydantic-core
    #   sqlalchemy
    #   typing-inspection
typing-inspection==0.4.2
    # via
    #   fastapi
    #   pydantic
    #   pydantic-settings
urllib3==2.6.3
    # via
    #   botocore
    #   requests
    #   sentry-sdk
uvicorn==0.46.0
    # via shaytan-machine (pyproject.toml)
uvloop==0.22.1
    # via uvicorn
watchfiles==1.1.1
    # via uvicorn
websockets==16.0
    # via uvicorn
wrapt==2.1.2
    # via
    #   deprecated
    #   opentelemetry-instrumentation
    #   opentelemetry-instrumentation-sqlalchemy
zipp==3.23.1
    # via importlib-metadata
